
Microsoft Visual Studio Solution File, Format Version 12.00
# Visual Studio Version 16
VisualStudioVersion = 16.0.31515.178
MinimumVisualStudioVersion = 10.0.40219.1
Project("{9A19103F-16F7-4668-BE54-9A1E7A4F7556}") = "EJBCA-CSharp-Client-SDK", "EJBCA-CSharp-Client-SDK\EJBCA-CSharp-Client-SDK.csproj", "{D3950C29-DE7E-4E0F-8C0D-3FE82DA74F50}"
EndProject
Project("{FAE04EC0-301F-11D3-BF4B-00C04F79EFBC}") = "Harness", "Harness\Harness.csproj", "{4EF10908-2FE9-4D19-B968-5B70DBD68E90}"
EndProject
Global
	GlobalSection(SolutionConfigurationPlatforms) = preSolution
		Debug|Any CPU = Debug|Any CPU
		Release|Any CPU = Release|Any CPU
	EndGlobalSection
	GlobalSection(ProjectConfigurationPlatforms) = postSolution
		{D3950C29-DE7E-4E0F-8C0D-3FE82DA74F50}.Debug|Any CPU.ActiveCfg = Debug|Any CPU
		{D3950C29-DE7E-4E0F-8C0D-3FE82DA74F50}.Debug|Any CPU.Build.0 = Debug|Any CPU
		{D3950C29-DE7E-4E0F-8C0D-3FE82DA74F50}.Release|Any CPU.ActiveCfg = Release|Any CPU
		{D3950C29-DE7E-4E0F-8C0D-3FE82DA74F50}.Release|Any CPU.Build.0 = Release|Any CPU
		{4EF10908-2FE9-4D19-B968-5B70DBD68E90}.Debug|Any CPU.ActiveCfg = Debug|Any CPU
		{4EF10908-2FE9-4D19-B968-5B70DBD68E90}.Debug|Any CPU.Build.0 = Debug|Any CPU
		{4EF10908-2FE9-4D19-B968-5B70DBD68E90}.Release|Any CPU.ActiveCfg = Release|Any CPU
		{4EF10908-2FE9-4D19-B968-5B70DBD68E90}.Release|Any CPU.Build.0 = Release|Any CPU
	EndGlobalSection
	GlobalSection(SolutionProperties) = preSolution
		HideSolutionNode = FALSE
	EndGlobalSection
	GlobalSection(ExtensibilityGlobals) = postSolution
		SolutionGuid = {D0A000F5-DDDB-49CF-9F2B-506EB7D6F182}
	EndGlobalSection
EndGlobal
